
Microsoft Visual Studio Solution File, Format Version 12.00
# Visual Studio Version 17
VisualStudioVersion = 17.3.32819.101
MinimumVisualStudioVersion = 10.0.40219.1
Project("{FAE04EC0-301F-11D3-BF4B-00C04F79EFBC}") = "UnityExplorerForTaiWu", "UnityExplorerForTaiWu\UnityExplorerForTaiWu.csproj", "{1678439D-05ED-4B96-AB65-A455CB140E32}"
EndProject
Global
	GlobalSection(SolutionConfigurationPlatforms) = preSolution
		Debug|Any CPU = Debug|Any CPU
		Release|Any CPU = Release|Any CPU
	EndGlobalSection
	GlobalSection(ProjectConfigurationPlatforms) = postSolution
		{1678439D-05ED-4B96-AB65-A455CB140E32}.Debug|Any CPU.ActiveCfg = Debug|Any CPU
		{1678439D-05ED-4B96-AB65-A455CB140E32}.Debug|Any CPU.Build.0 = Debug|Any CPU
		{1678439D-05ED-4B96-AB65-A455CB140E32}.Release|Any CPU.ActiveCfg = Release|Any CPU
		{1678439D-05ED-4B96-AB65-A455CB140E32}.Release|Any CPU.Build.0 = Release|Any CPU
	EndGlobalSection
	GlobalSection(SolutionProperties) = preSolution
		HideSolutionNode = FALSE
	EndGlobalSection
	GlobalSection(ExtensibilityGlobals) = postSolution
		SolutionGuid = {822F9D34-8A04-47E3-AD78-7C066F6E8CCE}
	EndGlobalSection
EndGlobal
